PODS:
  - ChameleonFramework/Default (2.1.0)
  - ChameleonFramework/Swift (2.1.0):
    - ChameleonFramework/Default
  - Firebase (2.5.1)
  - IQKeyboardManagerSwift (4.0.0)

DEPENDENCIES:
  - ChameleonFramework/Swift
  - Firebase (>= 2.5.0)
  - IQKeyboardManagerSwift

SPEC CHECKSUMS:
  ChameleonFramework: d21a3cc247abfe5e37609a283a8238b03575cf64
  Firebase: 3565ea88b830f28f2c77ecc524622bc71a20d085
  IQKeyboardManagerSwift: ede2a27b4e1ce053d03073b9c7fa439322f5e405

COCOAPODS: 0.39.0
